
Microsoft Visual Studio Solution File, Format Version 12.00
# Visual Studio Version 16
VisualStudioVersion = 16.0.30503.244
MinimumVisualStudioVersion = 10.0.40219.1
Project("{FAE04EC0-301F-11D3-BF4B-00C04F79EFBC}") = "ASM2", "ASM2\ASM2.csproj", "{FECAC6E6-2FD6-40F4-9026-BA9F894318A3}"
EndProject
Global
	GlobalSection(SolutionConfigurationPlatforms) = preSolution
		Debug|Any CPU = Debug|Any CPU
		Release|Any CPU = Release|Any CPU
	EndGlobalSection
	GlobalSection(ProjectConfigurationPlatforms) = postSolution
		{FECAC6E6-2FD6-40F4-9026-BA9F894318A3}.Debug|Any CPU.ActiveCfg = Debug|Any CPU
		{FECAC6E6-2FD6-40F4-9026-BA9F894318A3}.Debug|Any CPU.Build.0 = Debug|Any CPU
		{FECAC6E6-2FD6-40F4-9026-BA9F894318A3}.Release|Any CPU.ActiveCfg = Release|Any CPU
		{FECAC6E6-2FD6-40F4-9026-BA9F894318A3}.Release|Any CPU.Build.0 = Release|Any CPU
	EndGlobalSection
	GlobalSection(SolutionProperties) = preSolution
		HideSolutionNode = FALSE
	EndGlobalSection
	GlobalSection(ExtensibilityGlobals) = postSolution
		SolutionGuid = {386D91E9-3C79-4DC1-B9CA-5575A9C0965A}
	EndGlobalSection
EndGlobal
